{
  "name": "@liquality/verus-rpc-fee-provider",
  "version": "1.11.2",
  "lockfileVersion": 2,
  "requires": true,
  "packages": {
    "": {
      "name": "@liquality/verus-rpc-fee-provider",
      "version": "1.11.2",
      "license": "MIT",
      "dependencies": {
        "@babel/runtime": "^7.12.1",
        "@liquality/provider": "file:../provider",
        "@liquality/types": "file:../types"
      }
    },
    "../provider": {
      "name": "@liquality/provider",
      "version": "1.11.2",
      "license": "MIT",
      "dependencies": {
        "@liquality/types": "^1.11.2"
      }
    },
    "../types": {
      "name": "@liquality/types",
      "version": "1.11.2",
      "license": "MIT",
      "dependencies": {
        "bignumber.js": "^9.0.1"
      }
    },
    "node_modules/@babel/runtime": {
      "version": "7.12.13",
      "license": "MIT",
      "dependencies": {
        "regenerator-runtime": "^0.13.4"
      }
    },
    "node_modules/@liquality/provider": {
      "resolved": "../provider",
      "link": true
    },
    "node_modules/@liquality/types": {
      "resolved": "../types",
      "link": true
    },
    "node_modules/regenerator-runtime": {
      "version": "0.13.7",
      "license": "MIT"
    }
  },
  "dependencies": {
    "@babel/runtime": {
      "version": "7.12.13",
      "requires": {
        "regenerator-runtime": "^0.13.4"
      }
    },
    "@liquality/provider": {
      "version": "file:../provider",
      "requires": {
        "@liquality/types": "^1.11.2"
      }
    },
    "@liquality/types": {
      "version": "file:../types",
      "requires": {
        "bignumber.js": "^9.0.1"
      }
    },
    "regenerator-runtime": {
      "version": "0.13.7"
    }
  }
}
