{
  "name": "@liquality/verus-swap-provider",
  "version": "1.11.2",
  "lockfileVersion": 2,
  "requires": true,
  "packages": {
    "": {
      "name": "@liquality/verus-swap-provider",
      "version": "1.11.2",
      "license": "MIT",
      "dependencies": {
        "@babel/runtime": "^7.12.1",
        "@liquality/bitcoin-utils": "^1.11.2",
        "@liquality/errors": "file:../errors",
        "@liquality/provider": "file:../provider",
        "@liquality/types": "file:../types",
        "@liquality/utils": "file:../utils",
        "@liquality/verus-networks": "file:../verus-networks",
        "@liquality/verus-utils": "file:../verus-utils",
        "@types/node": "^14.14.36",
        "bignumber.js": "9.0.2",
        "bitcoinjs-lib": "^5.2.0"
      }
    },
    "../bitcoin-networks": {
      "name": "@liquality/bitcoin-networks",
      "version": "1.11.2",
      "extraneous": true,
      "license": "MIT",
      "dependencies": {
        "@babel/runtime": "^7.12.1",
        "@liquality/types": "^1.11.2",
        "bitcoinjs-lib": "^5.2.0"
      }
    },
    "../bitcoin-utils": {
      "name": "@liquality/bitcoin-utils",
      "version": "1.11.2",
      "extraneous": true,
      "license": "MIT",
      "dependencies": {
        "@babel/runtime": "^7.12.1",
        "@liquality/bitcoin-networks": "^1.11.2",
        "@liquality/crypto": "^1.11.2",
        "@liquality/errors": "^1.11.2",
        "@liquality/types": "^1.11.2",
        "@liquality/utils": "^1.11.2",
        "bignumber.js": "^9.0.0",
        "bip174": "^2.0.1",
        "bitcoinjs-lib": "^5.2.0",
        "coinselect": "^3.1.11",
        "lodash": "^4.17.20"
      },
      "devDependencies": {
        "@types/bitcoinjs-lib": "^5.0.0",
        "@types/lodash": "^4.14.168",
        "@types/node": "^14.14.31"
      }
    },
    "../crypto": {
      "name": "@liquality/crypto",
      "version": "1.11.2",
      "extraneous": true,
      "license": "MIT",
      "dependencies": {
        "bech32": "^1.1.3",
        "bs58": "^4.0.1",
        "crypto-hashing": "^1.0.0"
      },
      "devDependencies": {
        "@types/bech32": "^1.1.2",
        "@types/bs58": "^4.0.1"
      }
    },
    "../errors": {
      "name": "@liquality/errors",
      "version": "1.11.2",
      "license": "MIT",
      "dependencies": {
        "@types/standard-error": "^1.1.0",
        "standard-error": "^1.1.0"
      }
    },
    "../provider": {
      "name": "@liquality/provider",
      "version": "1.11.2",
      "license": "MIT",
      "dependencies": {
        "@liquality/types": "^1.11.2"
      }
    },
    "../types": {
      "name": "@liquality/types",
      "version": "1.11.2",
      "license": "MIT",
      "dependencies": {
        "bignumber.js": "9.0.2"
      }
    },
    "../utils": {
      "name": "@liquality/utils",
      "version": "1.11.2",
      "license": "MIT",
      "dependencies": {
        "@babel/runtime": "^7.12.1",
        "@liquality/crypto": "^1.11.2",
        "@liquality/errors": "^1.11.2",
        "@liquality/types": "file:../types",
        "setimmediate": "^1.0.5"
      }
    },
    "../verus-networks": {
      "name": "@liquality/verus-networks",
      "version": "1.11.2",
      "license": "MIT",
      "dependencies": {
        "@babel/runtime": "^7.12.1",
        "@bitgo/utxo-lib": "https://github.com/miketout/BitGoJS.git#utxo-lib-verus",
        "@liquality/types": "file:../types",
        "bitcoinjs-lib": "^5.2.0"
      }
    },
    "../verus-utils": {
      "name": "@liquality/verus-utils",
      "version": "1.11.2",
      "license": "MIT",
      "dependencies": {
        "@babel/runtime": "^7.12.1",
        "@bitgo/utxo-lib": "https://github.com/miketout/BitGoJS.git#utxo-lib-verus",
        "bignumber.js": "9.0.2",
        "bip174": "^2.0.1",
        "bitcoinjs-lib": "^5.2.0",
        "coinselect": "^3.1.11",
        "lodash": "^4.17.20"
      },
      "devDependencies": {
        "@types/bitcoinjs-lib": "^5.0.0",
        "@types/lodash": "^4.14.168",
        "@types/node": "^14.14.31"
      }
    },
    "node_modules/@babel/runtime": {
      "version": "7.12.13",
      "license": "MIT",
      "dependencies": {
        "regenerator-runtime": "^0.13.4"
      }
    },
    "node_modules/@liquality/bitcoin-networks": {
      "version": "1.12.0",
      "resolved": "https://registry.npmjs.org/@liquality/bitcoin-networks/-/bitcoin-networks-1.12.0.tgz",
      "integrity": "sha512-aOmScY4m3oU4EhPRiPZwnh5GrntvOzVfBkRz7bDte0+jET0gEiijsGCtMMd78ko29vwERimuFoiPjPjg3RS4Dw==",
      "dependencies": {
        "@babel/runtime": "^7.12.1",
        "@liquality/types": "^1.12.0",
        "bitcoinjs-lib": "^5.2.0"
      },
      "engines": {
        "node": "^14.18.1"
      }
    },
    "node_modules/@liquality/bitcoin-networks/node_modules/@liquality/types": {
      "version": "1.12.0",
      "resolved": "https://registry.npmjs.org/@liquality/types/-/types-1.12.0.tgz",
      "integrity": "sha512-HS5ub0FilggJhd+rzubkLSUX30oOGvoxdPpcbO8O+lWIlt1MDh01hqFOgTEAv2fVL4e5dCYWcR/WYn0qBmC6Yw==",
      "dependencies": {
        "bignumber.js": "^9.0.1"
      },
      "engines": {
        "node": "^14.18.1"
      }
    },
    "node_modules/@liquality/bitcoin-utils": {
      "version": "1.12.0",
      "resolved": "https://registry.npmjs.org/@liquality/bitcoin-utils/-/bitcoin-utils-1.12.0.tgz",
      "integrity": "sha512-gehcpr4CsI0Z/Ob9pEP33kQQ3l8oXBvQ9dW1Fh9FPBAfOmOyC7B91ClTP79J6Ugd7vM8yU1glLUMdKrgyzuDxA==",
      "dependencies": {
        "@babel/runtime": "^7.12.1",
        "@liquality/bitcoin-networks": "^1.12.0",
        "@liquality/crypto": "^1.12.0",
        "@liquality/errors": "^1.12.0",
        "@liquality/types": "^1.12.0",
        "@liquality/utils": "^1.12.0",
        "bignumber.js": "^9.0.0",
        "bip174": "^2.0.1",
        "bitcoinjs-lib": "^5.2.0",
        "coinselect": "^3.1.11",
        "lodash": "^4.17.20"
      },
      "engines": {
        "node": "^14.18.1"
      }
    },
    "node_modules/@liquality/bitcoin-utils/node_modules/@liquality/errors": {
      "version": "1.12.0",
      "resolved": "https://registry.npmjs.org/@liquality/errors/-/errors-1.12.0.tgz",
      "integrity": "sha512-ggsG02yL33gAtdulaDYU79zXphiKBDDEknmbQ93Ogn60ny9x20IKRhuHnAqEAYJORtxpXTWC6JY+/lUbP94Mcg==",
      "dependencies": {
        "@types/standard-error": "^1.1.0",
        "standard-error": "^1.1.0"
      },
      "engines": {
        "node": "^14.18.1"
      }
    },
    "node_modules/@liquality/bitcoin-utils/node_modules/@liquality/types": {
      "version": "1.12.0",
      "resolved": "https://registry.npmjs.org/@liquality/types/-/types-1.12.0.tgz",
      "integrity": "sha512-HS5ub0FilggJhd+rzubkLSUX30oOGvoxdPpcbO8O+lWIlt1MDh01hqFOgTEAv2fVL4e5dCYWcR/WYn0qBmC6Yw==",
      "dependencies": {
        "bignumber.js": "^9.0.1"
      },
      "engines": {
        "node": "^14.18.1"
      }
    },
    "node_modules/@liquality/bitcoin-utils/node_modules/@liquality/utils": {
      "version": "1.12.0",
      "resolved": "https://registry.npmjs.org/@liquality/utils/-/utils-1.12.0.tgz",
      "integrity": "sha512-c+602HWytEmUnY1kti27HV64imVaU3FQRnzRzgILbeP0ZGpDWJxbLLUgxII1wCkyGqCQDh9+3YPFgkcU2p72+Q==",
      "dependencies": {
        "@babel/runtime": "^7.12.1",
        "@liquality/crypto": "^1.12.0",
        "@liquality/errors": "^1.12.0",
        "@liquality/types": "^1.12.0",
        "setimmediate": "^1.0.5"
      },
      "engines": {
        "node": "^14.18.1"
      }
    },
    "node_modules/@liquality/crypto": {
      "version": "1.12.0",
      "resolved": "https://registry.npmjs.org/@liquality/crypto/-/crypto-1.12.0.tgz",
      "integrity": "sha512-mKnOpObcO7qNZUpRqhUkZqIddQ21bsFxXcdMR6am6pHPGAiin6AMdIAOfQ5TdnLPQQwxyKx4kQCrhtxBNmlCUw==",
      "dependencies": {
        "bech32": "^1.1.3",
        "bs58": "^4.0.1",
        "crypto-hashing": "^1.0.0"
      },
      "engines": {
        "node": "^14.18.1"
      }
    },
    "node_modules/@liquality/errors": {
      "resolved": "../errors",
      "link": true
    },
    "node_modules/@liquality/provider": {
      "resolved": "../provider",
      "link": true
    },
    "node_modules/@liquality/types": {
      "resolved": "../types",
      "link": true
    },
    "node_modules/@liquality/utils": {
      "resolved": "../utils",
      "link": true
    },
    "node_modules/@liquality/verus-networks": {
      "resolved": "../verus-networks",
      "link": true
    },
    "node_modules/@liquality/verus-utils": {
      "resolved": "../verus-utils",
      "link": true
    },
    "node_modules/@types/node": {
      "version": "14.14.36",
      "license": "MIT"
    },
    "node_modules/@types/standard-error": {
      "version": "1.1.0",
      "resolved": "https://registry.npmjs.org/@types/standard-error/-/standard-error-1.1.0.tgz",
      "integrity": "sha512-lZshsx/QFLUJcu9prwm3Gtsl+b38HAqO6XUGH8PGwSmiswQhscd2MKrfk3LX3W3HyvNVUKcpsiuhU9r8DX32ww=="
    },
    "node_modules/base-x": {
      "version": "3.0.8",
      "license": "MIT",
      "dependencies": {
        "safe-buffer": "^5.0.1"
      }
    },
    "node_modules/bech32": {
      "version": "1.1.4",
      "license": "MIT"
    },
    "node_modules/bignumber.js": {
      "version": "9.0.2",
      "resolved": "https://registry.npmjs.org/bignumber.js/-/bignumber.js-9.0.2.tgz",
      "integrity": "sha512-GAcQvbpsM0pUb0zw1EI0KhQEZ+lRwR5fYaAp3vPOYuP7aDvGy6cVN6XHLauvF8SOga2y0dcLcjt3iQDTSEliyw==",
      "engines": {
        "node": "*"
      }
    },
    "node_modules/bindings": {
      "version": "1.5.0",
      "license": "MIT",
      "dependencies": {
        "file-uri-to-path": "1.0.0"
      }
    },
    "node_modules/bip174": {
      "version": "2.0.1",
      "license": "MIT",
      "engines": {
        "node": ">=8.0.0"
      }
    },
    "node_modules/bip32": {
      "version": "2.0.6",
      "license": "MIT",
      "dependencies": {
        "@types/node": "10.12.18",
        "bs58check": "^2.1.1",
        "create-hash": "^1.2.0",
        "create-hmac": "^1.1.7",
        "tiny-secp256k1": "^1.1.3",
        "typeforce": "^1.11.5",
        "wif": "^2.0.6"
      },
      "engines": {
        "node": ">=6.0.0"
      }
    },
    "node_modules/bip32/node_modules/@types/node": {
      "version": "10.12.18",
      "license": "MIT"
    },
    "node_modules/bip66": {
      "version": "1.1.5",
      "license": "MIT",
      "dependencies": {
        "safe-buffer": "^5.0.1"
      }
    },
    "node_modules/bitcoin-ops": {
      "version": "1.4.1",
      "license": "MIT"
    },
    "node_modules/bitcoinjs-lib": {
      "version": "5.2.0",
      "license": "MIT",
      "dependencies": {
        "bech32": "^1.1.2",
        "bip174": "^2.0.1",
        "bip32": "^2.0.4",
        "bip66": "^1.1.0",
        "bitcoin-ops": "^1.4.0",
        "bs58check": "^2.0.0",
        "create-hash": "^1.1.0",
        "create-hmac": "^1.1.3",
        "merkle-lib": "^2.0.10",
        "pushdata-bitcoin": "^1.0.1",
        "randombytes": "^2.0.1",
        "tiny-secp256k1": "^1.1.1",
        "typeforce": "^1.11.3",
        "varuint-bitcoin": "^1.0.4",
        "wif": "^2.0.1"
      },
      "engines": {
        "node": ">=8.0.0"
      }
    },
    "node_modules/bn.js": {
      "version": "4.11.9",
      "license": "MIT"
    },
    "node_modules/brorand": {
      "version": "1.1.0",
      "license": "MIT"
    },
    "node_modules/bs58": {
      "version": "4.0.1",
      "license": "MIT",
      "dependencies": {
        "base-x": "^3.0.2"
      }
    },
    "node_modules/bs58check": {
      "version": "2.1.2",
      "license": "MIT",
      "dependencies": {
        "bs58": "^4.0.0",
        "create-hash": "^1.1.0",
        "safe-buffer": "^5.1.2"
      }
    },
    "node_modules/cipher-base": {
      "version": "1.0.4",
      "license": "MIT",
      "dependencies": {
        "inherits": "^2.0.1",
        "safe-buffer": "^5.0.1"
      }
    },
    "node_modules/coinselect": {
      "version": "3.1.12",
      "resolved": "https://registry.npmjs.org/coinselect/-/coinselect-3.1.12.tgz",
      "integrity": "sha512-XKnm9wwZzJRGuvR1BGNbFZEfa4SEr38do8Z5riq0797QwMT836EqhdPuhtbn8uAX8vCMqJ7+gS4CHa1G9M5xhw=="
    },
    "node_modules/create-hash": {
      "version": "1.2.0",
      "license": "MIT",
      "dependencies": {
        "cipher-base": "^1.0.1",
        "inherits": "^2.0.1",
        "md5.js": "^1.3.4",
        "ripemd160": "^2.0.1",
        "sha.js": "^2.4.0"
      }
    },
    "node_modules/create-hmac": {
      "version": "1.1.7",
      "license": "MIT",
      "dependencies": {
        "cipher-base": "^1.0.3",
        "create-hash": "^1.1.0",
        "inherits": "^2.0.1",
        "ripemd160": "^2.0.0",
        "safe-buffer": "^5.0.1",
        "sha.js": "^2.4.8"
      }
    },
    "node_modules/crypto-hashing": {
      "version": "1.0.0",
      "resolved": "https://registry.npmjs.org/crypto-hashing/-/crypto-hashing-1.0.0.tgz",
      "integrity": "sha1-MOFnNxkUMJVToevrHL5nU7DIjKo=",
      "dependencies": {
        "create-hash": "^1.1.2"
      }
    },
    "node_modules/elliptic": {
      "version": "6.5.4",
      "license": "MIT",
      "dependencies": {
        "bn.js": "^4.11.9",
        "brorand": "^1.1.0",
        "hash.js": "^1.0.0",
        "hmac-drbg": "^1.0.1",
        "inherits": "^2.0.4",
        "minimalistic-assert": "^1.0.1",
        "minimalistic-crypto-utils": "^1.0.1"
      }
    },
    "node_modules/file-uri-to-path": {
      "version": "1.0.0",
      "license": "MIT"
    },
    "node_modules/hash-base": {
      "version": "3.1.0",
      "license": "MIT",
      "dependencies": {
        "inherits": "^2.0.4",
        "readable-stream": "^3.6.0",
        "safe-buffer": "^5.2.0"
      },
      "engines": {
        "node": ">=4"
      }
    },
    "node_modules/hash.js": {
      "version": "1.1.7",
      "license": "MIT",
      "dependencies": {
        "inherits": "^2.0.3",
        "minimalistic-assert": "^1.0.1"
      }
    },
    "node_modules/hmac-drbg": {
      "version": "1.0.1",
      "license": "MIT",
      "dependencies": {
        "hash.js": "^1.0.3",
        "minimalistic-assert": "^1.0.0",
        "minimalistic-crypto-utils": "^1.0.1"
      }
    },
    "node_modules/inherits": {
      "version": "2.0.4",
      "license": "ISC"
    },
    "node_modules/lodash": {
      "version": "4.17.21",
      "resolved": "https://registry.npmjs.org/lodash/-/lodash-4.17.21.tgz",
      "integrity": "sha512-v2kDEe57lecTulaDIuNTPy3Ry4gLGJ6Z1O3vE1krgXZNrsQ+LFTGHVxVjcXPs17LhbZVGedAJv8XZ1tvj5FvSg=="
    },
    "node_modules/md5.js": {
      "version": "1.3.5",
      "license": "MIT",
      "dependencies": {
        "hash-base": "^3.0.0",
        "inherits": "^2.0.1",
        "safe-buffer": "^5.1.2"
      }
    },
    "node_modules/merkle-lib": {
      "version": "2.0.10",
      "license": "MIT"
    },
    "node_modules/minimalistic-assert": {
      "version": "1.0.1",
      "license": "ISC"
    },
    "node_modules/minimalistic-crypto-utils": {
      "version": "1.0.1",
      "license": "MIT"
    },
    "node_modules/nan": {
      "version": "2.14.2",
      "license": "MIT"
    },
    "node_modules/pushdata-bitcoin": {
      "version": "1.0.1",
      "license": "MIT",
      "dependencies": {
        "bitcoin-ops": "^1.3.0"
      }
    },
    "node_modules/randombytes": {
      "version": "2.1.0",
      "license": "MIT",
      "dependencies": {
        "safe-buffer": "^5.1.0"
      }
    },
    "node_modules/readable-stream": {
      "version": "3.6.0",
      "license": "MIT",
      "dependencies": {
        "inherits": "^2.0.3",
        "string_decoder": "^1.1.1",
        "util-deprecate": "^1.0.1"
      },
      "engines": {
        "node": ">= 6"
      }
    },
    "node_modules/regenerator-runtime": {
      "version": "0.13.7",
      "license": "MIT"
    },
    "node_modules/ripemd160": {
      "version": "2.0.2",
      "license": "MIT",
      "dependencies": {
        "hash-base": "^3.0.0",
        "inherits": "^2.0.1"
      }
    },
    "node_modules/safe-buffer": {
      "version": "5.2.1",
      "funding": [
        {
          "type": "github",
          "url": "https://github.com/sponsors/feross"
        },
        {
          "type": "patreon",
          "url": "https://www.patreon.com/feross"
        },
        {
          "type": "consulting",
          "url": "https://feross.org/support"
        }
      ],
      "license": "MIT"
    },
    "node_modules/setimmediate": {
      "version": "1.0.5",
      "resolved": "https://registry.npmjs.org/setimmediate/-/setimmediate-1.0.5.tgz",
      "integrity": "sha1-KQy7Iy4waULX1+qbg3Mqt4VvgoU="
    },
    "node_modules/sha.js": {
      "version": "2.4.11",
      "license": "(MIT AND BSD-3-Clause)",
      "dependencies": {
        "inherits": "^2.0.1",
        "safe-buffer": "^5.0.1"
      },
      "bin": {
        "sha.js": "bin.js"
      }
    },
    "node_modules/standard-error": {
      "version": "1.1.0",
      "resolved": "https://registry.npmjs.org/standard-error/-/standard-error-1.1.0.tgz",
      "integrity": "sha1-I+UWj6HAggGJ5YEnAaeQWFENDTQ="
    },
    "node_modules/string_decoder": {
      "version": "1.3.0",
      "license": "MIT",
      "dependencies": {
        "safe-buffer": "~5.2.0"
      }
    },
    "node_modules/tiny-secp256k1": {
      "version": "1.1.6",
      "hasInstallScript": true,
      "license": "MIT",
      "dependencies": {
        "bindings": "^1.3.0",
        "bn.js": "^4.11.8",
        "create-hmac": "^1.1.7",
        "elliptic": "^6.4.0",
        "nan": "^2.13.2"
      },
      "engines": {
        "node": ">=6.0.0"
      }
    },
    "node_modules/typeforce": {
      "version": "1.18.0",
      "license": "MIT"
    },
    "node_modules/util-deprecate": {
      "version": "1.0.2",
      "license": "MIT"
    },
    "node_modules/varuint-bitcoin": {
      "version": "1.1.2",
      "license": "MIT",
      "dependencies": {
        "safe-buffer": "^5.1.1"
      }
    },
    "node_modules/wif": {
      "version": "2.0.6",
      "license": "MIT",
      "dependencies": {
        "bs58check": "<3.0.0"
      }
    }
  },
  "dependencies": {
    "@babel/runtime": {
      "version": "7.12.13",
      "requires": {
        "regenerator-runtime": "^0.13.4"
      }
    },
    "@liquality/bitcoin-networks": {
      "version": "1.12.0",
      "resolved": "https://registry.npmjs.org/@liquality/bitcoin-networks/-/bitcoin-networks-1.12.0.tgz",
      "integrity": "sha512-aOmScY4m3oU4EhPRiPZwnh5GrntvOzVfBkRz7bDte0+jET0gEiijsGCtMMd78ko29vwERimuFoiPjPjg3RS4Dw==",
      "requires": {
        "@babel/runtime": "^7.12.1",
        "@liquality/types": "^1.12.0",
        "bitcoinjs-lib": "^5.2.0"
      },
      "dependencies": {
        "@liquality/types": {
          "version": "1.12.0",
          "resolved": "https://registry.npmjs.org/@liquality/types/-/types-1.12.0.tgz",
          "integrity": "sha512-HS5ub0FilggJhd+rzubkLSUX30oOGvoxdPpcbO8O+lWIlt1MDh01hqFOgTEAv2fVL4e5dCYWcR/WYn0qBmC6Yw==",
          "requires": {
            "bignumber.js": "^9.0.1"
          }
        }
      }
    },
    "@liquality/bitcoin-utils": {
      "version": "1.12.0",
      "resolved": "https://registry.npmjs.org/@liquality/bitcoin-utils/-/bitcoin-utils-1.12.0.tgz",
      "integrity": "sha512-gehcpr4CsI0Z/Ob9pEP33kQQ3l8oXBvQ9dW1Fh9FPBAfOmOyC7B91ClTP79J6Ugd7vM8yU1glLUMdKrgyzuDxA==",
      "requires": {
        "@babel/runtime": "^7.12.1",
        "@liquality/bitcoin-networks": "^1.12.0",
        "@liquality/crypto": "^1.12.0",
        "@liquality/errors": "^1.12.0",
        "@liquality/types": "^1.12.0",
        "@liquality/utils": "^1.12.0",
        "bignumber.js": "^9.0.0",
        "bip174": "^2.0.1",
        "bitcoinjs-lib": "^5.2.0",
        "coinselect": "^3.1.11",
        "lodash": "^4.17.20"
      },
      "dependencies": {
        "@liquality/errors": {
          "version": "1.12.0",
          "resolved": "https://registry.npmjs.org/@liquality/errors/-/errors-1.12.0.tgz",
          "integrity": "sha512-ggsG02yL33gAtdulaDYU79zXphiKBDDEknmbQ93Ogn60ny9x20IKRhuHnAqEAYJORtxpXTWC6JY+/lUbP94Mcg==",
          "requires": {
            "@types/standard-error": "^1.1.0",
            "standard-error": "^1.1.0"
          }
        },
        "@liquality/types": {
          "version": "1.12.0",
          "resolved": "https://registry.npmjs.org/@liquality/types/-/types-1.12.0.tgz",
          "integrity": "sha512-HS5ub0FilggJhd+rzubkLSUX30oOGvoxdPpcbO8O+lWIlt1MDh01hqFOgTEAv2fVL4e5dCYWcR/WYn0qBmC6Yw==",
          "requires": {
            "bignumber.js": "^9.0.1"
          }
        },
        "@liquality/utils": {
          "version": "1.12.0",
          "resolved": "https://registry.npmjs.org/@liquality/utils/-/utils-1.12.0.tgz",
          "integrity": "sha512-c+602HWytEmUnY1kti27HV64imVaU3FQRnzRzgILbeP0ZGpDWJxbLLUgxII1wCkyGqCQDh9+3YPFgkcU2p72+Q==",
          "requires": {
            "@babel/runtime": "^7.12.1",
            "@liquality/crypto": "^1.12.0",
            "@liquality/errors": "^1.12.0",
            "@liquality/types": "^1.12.0",
            "setimmediate": "^1.0.5"
          }
        }
      }
    },
    "@liquality/crypto": {
      "version": "1.12.0",
      "resolved": "https://registry.npmjs.org/@liquality/crypto/-/crypto-1.12.0.tgz",
      "integrity": "sha512-mKnOpObcO7qNZUpRqhUkZqIddQ21bsFxXcdMR6am6pHPGAiin6AMdIAOfQ5TdnLPQQwxyKx4kQCrhtxBNmlCUw==",
      "requires": {
        "bech32": "^1.1.3",
        "bs58": "^4.0.1",
        "crypto-hashing": "^1.0.0"
      }
    },
    "@liquality/errors": {
      "version": "file:../errors",
      "requires": {
        "@types/standard-error": "^1.1.0",
        "standard-error": "^1.1.0"
      }
    },
    "@liquality/provider": {
      "version": "file:../provider",
      "requires": {
        "@liquality/types": "^1.11.2"
      }
    },
    "@liquality/types": {
      "version": "file:../types",
      "requires": {
        "bignumber.js": "9.0.2"
      }
    },
    "@liquality/utils": {
      "version": "file:../utils",
      "requires": {
        "@babel/runtime": "^7.12.1",
        "@liquality/crypto": "^1.11.2",
        "@liquality/errors": "^1.11.2",
        "@liquality/types": "file:../types",
        "setimmediate": "^1.0.5"
      }
    },
    "@liquality/verus-networks": {
      "version": "file:../verus-networks",
      "requires": {
        "@babel/runtime": "^7.12.1",
        "@bitgo/utxo-lib": "https://github.com/miketout/BitGoJS.git#utxo-lib-verus",
        "@liquality/types": "file:../types",
        "bitcoinjs-lib": "^5.2.0"
      }
    },
    "@liquality/verus-utils": {
      "version": "file:../verus-utils",
      "requires": {
        "@babel/runtime": "^7.12.1",
        "@bitgo/utxo-lib": "https://github.com/miketout/BitGoJS.git#utxo-lib-verus",
        "@types/bitcoinjs-lib": "^5.0.0",
        "@types/lodash": "^4.14.168",
        "@types/node": "^14.14.31",
        "bignumber.js": "9.0.2",
        "bip174": "^2.0.1",
        "bitcoinjs-lib": "^5.2.0",
        "coinselect": "^3.1.11",
        "lodash": "^4.17.20"
      }
    },
    "@types/node": {
      "version": "14.14.36"
    },
    "@types/standard-error": {
      "version": "1.1.0",
      "resolved": "https://registry.npmjs.org/@types/standard-error/-/standard-error-1.1.0.tgz",
      "integrity": "sha512-lZshsx/QFLUJcu9prwm3Gtsl+b38HAqO6XUGH8PGwSmiswQhscd2MKrfk3LX3W3HyvNVUKcpsiuhU9r8DX32ww=="
    },
    "base-x": {
      "version": "3.0.8",
      "requires": {
        "safe-buffer": "^5.0.1"
      }
    },
    "bech32": {
      "version": "1.1.4"
    },
    "bignumber.js": {
      "version": "9.0.2",
      "resolved": "https://registry.npmjs.org/bignumber.js/-/bignumber.js-9.0.2.tgz",
      "integrity": "sha512-GAcQvbpsM0pUb0zw1EI0KhQEZ+lRwR5fYaAp3vPOYuP7aDvGy6cVN6XHLauvF8SOga2y0dcLcjt3iQDTSEliyw=="
    },
    "bindings": {
      "version": "1.5.0",
      "requires": {
        "file-uri-to-path": "1.0.0"
      }
    },
    "bip174": {
      "version": "2.0.1"
    },
    "bip32": {
      "version": "2.0.6",
      "requires": {
        "@types/node": "10.12.18",
        "bs58check": "^2.1.1",
        "create-hash": "^1.2.0",
        "create-hmac": "^1.1.7",
        "tiny-secp256k1": "^1.1.3",
        "typeforce": "^1.11.5",
        "wif": "^2.0.6"
      },
      "dependencies": {
        "@types/node": {
          "version": "10.12.18"
        }
      }
    },
    "bip66": {
      "version": "1.1.5",
      "requires": {
        "safe-buffer": "^5.0.1"
      }
    },
    "bitcoin-ops": {
      "version": "1.4.1"
    },
    "bitcoinjs-lib": {
      "version": "5.2.0",
      "requires": {
        "bech32": "^1.1.2",
        "bip174": "^2.0.1",
        "bip32": "^2.0.4",
        "bip66": "^1.1.0",
        "bitcoin-ops": "^1.4.0",
        "bs58check": "^2.0.0",
        "create-hash": "^1.1.0",
        "create-hmac": "^1.1.3",
        "merkle-lib": "^2.0.10",
        "pushdata-bitcoin": "^1.0.1",
        "randombytes": "^2.0.1",
        "tiny-secp256k1": "^1.1.1",
        "typeforce": "^1.11.3",
        "varuint-bitcoin": "^1.0.4",
        "wif": "^2.0.1"
      }
    },
    "bn.js": {
      "version": "4.11.9"
    },
    "brorand": {
      "version": "1.1.0"
    },
    "bs58": {
      "version": "4.0.1",
      "requires": {
        "base-x": "^3.0.2"
      }
    },
    "bs58check": {
      "version": "2.1.2",
      "requires": {
        "bs58": "^4.0.0",
        "create-hash": "^1.1.0",
        "safe-buffer": "^5.1.2"
      }
    },
    "cipher-base": {
      "version": "1.0.4",
      "requires": {
        "inherits": "^2.0.1",
        "safe-buffer": "^5.0.1"
      }
    },
    "coinselect": {
      "version": "3.1.12",
      "resolved": "https://registry.npmjs.org/coinselect/-/coinselect-3.1.12.tgz",
      "integrity": "sha512-XKnm9wwZzJRGuvR1BGNbFZEfa4SEr38do8Z5riq0797QwMT836EqhdPuhtbn8uAX8vCMqJ7+gS4CHa1G9M5xhw=="
    },
    "create-hash": {
      "version": "1.2.0",
      "requires": {
        "cipher-base": "^1.0.1",
        "inherits": "^2.0.1",
        "md5.js": "^1.3.4",
        "ripemd160": "^2.0.1",
        "sha.js": "^2.4.0"
      }
    },
    "create-hmac": {
      "version": "1.1.7",
      "requires": {
        "cipher-base": "^1.0.3",
        "create-hash": "^1.1.0",
        "inherits": "^2.0.1",
        "ripemd160": "^2.0.0",
        "safe-buffer": "^5.0.1",
        "sha.js": "^2.4.8"
      }
    },
    "crypto-hashing": {
      "version": "1.0.0",
      "resolved": "https://registry.npmjs.org/crypto-hashing/-/crypto-hashing-1.0.0.tgz",
      "integrity": "sha1-MOFnNxkUMJVToevrHL5nU7DIjKo=",
      "requires": {
        "create-hash": "^1.1.2"
      }
    },
    "elliptic": {
      "version": "6.5.4",
      "requires": {
        "bn.js": "^4.11.9",
        "brorand": "^1.1.0",
        "hash.js": "^1.0.0",
        "hmac-drbg": "^1.0.1",
        "inherits": "^2.0.4",
        "minimalistic-assert": "^1.0.1",
        "minimalistic-crypto-utils": "^1.0.1"
      }
    },
    "file-uri-to-path": {
      "version": "1.0.0"
    },
    "hash-base": {
      "version": "3.1.0",
      "requires": {
        "inherits": "^2.0.4",
        "readable-stream": "^3.6.0",
        "safe-buffer": "^5.2.0"
      }
    },
    "hash.js": {
      "version": "1.1.7",
      "requires": {
        "inherits": "^2.0.3",
        "minimalistic-assert": "^1.0.1"
      }
    },
    "hmac-drbg": {
      "version": "1.0.1",
      "requires": {
        "hash.js": "^1.0.3",
        "minimalistic-assert": "^1.0.0",
        "minimalistic-crypto-utils": "^1.0.1"
      }
    },
    "inherits": {
      "version": "2.0.4"
    },
    "lodash": {
      "version": "4.17.21",
      "resolved": "https://registry.npmjs.org/lodash/-/lodash-4.17.21.tgz",
      "integrity": "sha512-v2kDEe57lecTulaDIuNTPy3Ry4gLGJ6Z1O3vE1krgXZNrsQ+LFTGHVxVjcXPs17LhbZVGedAJv8XZ1tvj5FvSg=="
    },
    "md5.js": {
      "version": "1.3.5",
      "requires": {
        "hash-base": "^3.0.0",
        "inherits": "^2.0.1",
        "safe-buffer": "^5.1.2"
      }
    },
    "merkle-lib": {
      "version": "2.0.10"
    },
    "minimalistic-assert": {
      "version": "1.0.1"
    },
    "minimalistic-crypto-utils": {
      "version": "1.0.1"
    },
    "nan": {
      "version": "2.14.2"
    },
    "pushdata-bitcoin": {
      "version": "1.0.1",
      "requires": {
        "bitcoin-ops": "^1.3.0"
      }
    },
    "randombytes": {
      "version": "2.1.0",
      "requires": {
        "safe-buffer": "^5.1.0"
      }
    },
    "readable-stream": {
      "version": "3.6.0",
      "requires": {
        "inherits": "^2.0.3",
        "string_decoder": "^1.1.1",
        "util-deprecate": "^1.0.1"
      }
    },
    "regenerator-runtime": {
      "version": "0.13.7"
    },
    "ripemd160": {
      "version": "2.0.2",
      "requires": {
        "hash-base": "^3.0.0",
        "inherits": "^2.0.1"
      }
    },
    "safe-buffer": {
      "version": "5.2.1"
    },
    "setimmediate": {
      "version": "1.0.5",
      "resolved": "https://registry.npmjs.org/setimmediate/-/setimmediate-1.0.5.tgz",
      "integrity": "sha1-KQy7Iy4waULX1+qbg3Mqt4VvgoU="
    },
    "sha.js": {
      "version": "2.4.11",
      "requires": {
        "inherits": "^2.0.1",
        "safe-buffer": "^5.0.1"
      }
    },
    "standard-error": {
      "version": "1.1.0",
      "resolved": "https://registry.npmjs.org/standard-error/-/standard-error-1.1.0.tgz",
      "integrity": "sha1-I+UWj6HAggGJ5YEnAaeQWFENDTQ="
    },
    "string_decoder": {
      "version": "1.3.0",
      "requires": {
        "safe-buffer": "~5.2.0"
      }
    },
    "tiny-secp256k1": {
      "version": "1.1.6",
      "requires": {
        "bindings": "^1.3.0",
        "bn.js": "^4.11.8",
        "create-hmac": "^1.1.7",
        "elliptic": "^6.4.0",
        "nan": "^2.13.2"
      }
    },
    "typeforce": {
      "version": "1.18.0"
    },
    "util-deprecate": {
      "version": "1.0.2"
    },
    "varuint-bitcoin": {
      "version": "1.1.2",
      "requires": {
        "safe-buffer": "^5.1.1"
      }
    },
    "wif": {
      "version": "2.0.6",
      "requires": {
        "bs58check": "<3.0.0"
      }
    }
  }
}
