{
  "name": "@liquality/verus-networks",
  "version": "1.11.2",
  "lockfileVersion": 2,
  "requires": true,
  "packages": {
    "": {
      "name": "@liquality/verus-networks",
      "version": "1.11.2",
      "license": "MIT",
      "dependencies": {
        "@babel/runtime": "^7.12.1",
        "@liquality/types": "file:../types",
        "bitcoinjs-lib": "^5.2.0"
      }
    },
    "../types": {
      "name": "@liquality/types",
      "version": "1.11.2",
      "license": "MIT",
      "dependencies": {
        "bignumber.js": "^9.0.1"
      }
    },
    "../types/node_modules/bignumber.js": {
      "version": "9.0.1",
      "license": "MIT",
      "engines": {
        "node": "*"
      }
    },
    "node_modules/@babel/runtime": {
      "version": "7.12.13",
      "license": "MIT",
      "dependencies": {
        "regenerator-runtime": "^0.13.4"
      }
    },
    "node_modules/@liquality/types": {
      "resolved": "../types",
      "link": true
    },
    "node_modules/@types/node": {
      "version": "10.12.18",
      "license": "MIT"
    },
    "node_modules/base-x": {
      "version": "3.0.8",
      "license": "MIT",
      "dependencies": {
        "safe-buffer": "^5.0.1"
      }
    },
    "node_modules/bech32": {
      "version": "1.1.4",
      "license": "MIT"
    },
    "node_modules/bindings": {
      "version": "1.5.0",
      "license": "MIT",
      "dependencies": {
        "file-uri-to-path": "1.0.0"
      }
    },
    "node_modules/bip174": {
      "version": "2.0.1",
      "license": "MIT",
      "engines": {
        "node": ">=8.0.0"
      }
    },
    "node_modules/bip32": {
      "version": "2.0.6",
      "license": "MIT",
      "dependencies": {
        "@types/node": "10.12.18",
        "bs58check": "^2.1.1",
        "create-hash": "^1.2.0",
        "create-hmac": "^1.1.7",
        "tiny-secp256k1": "^1.1.3",
        "typeforce": "^1.11.5",
        "wif": "^2.0.6"
      },
      "engines": {
        "node": ">=6.0.0"
      }
    },
    "node_modules/bip66": {
      "version": "1.1.5",
      "license": "MIT",
      "dependencies": {
        "safe-buffer": "^5.0.1"
      }
    },
    "node_modules/bitcoin-ops": {
      "version": "1.4.1",
      "resolved": "git+ssh://git@github.com/VerusCoin/bitcoin-ops.git#a5f8f56e658301bc39881d41740b3a0010530efd",
      "license": "MIT"
    },
    "node_modules/bitcoinjs-lib": {
      "version": "5.2.0",
      "license": "MIT",
      "dependencies": {
        "bech32": "^1.1.2",
        "bip174": "^2.0.1",
        "bip32": "^2.0.4",
        "bip66": "^1.1.0",
        "bitcoin-ops": "^1.4.0",
        "bs58check": "^2.0.0",
        "create-hash": "^1.1.0",
        "create-hmac": "^1.1.3",
        "merkle-lib": "^2.0.10",
        "pushdata-bitcoin": "^1.0.1",
        "randombytes": "^2.0.1",
        "tiny-secp256k1": "^1.1.1",
        "typeforce": "^1.11.3",
        "varuint-bitcoin": "^1.0.4",
        "wif": "^2.0.1"
      },
      "engines": {
        "node": ">=8.0.0"
      }
    },
    "node_modules/bn.js": {
      "version": "4.11.9",
      "license": "MIT"
    },
    "node_modules/brorand": {
      "version": "1.1.0",
      "license": "MIT"
    },
    "node_modules/bs58": {
      "version": "4.0.1",
      "license": "MIT",
      "dependencies": {
        "base-x": "^3.0.2"
      }
    },
    "node_modules/bs58check": {
      "version": "2.1.2",
      "license": "MIT",
      "dependencies": {
        "bs58": "^4.0.0",
        "create-hash": "^1.1.0",
        "safe-buffer": "^5.1.2"
      }
    },
    "node_modules/cipher-base": {
      "version": "1.0.4",
      "license": "MIT",
      "dependencies": {
        "inherits": "^2.0.1",
        "safe-buffer": "^5.0.1"
      }
    },
    "node_modules/create-hash": {
      "version": "1.2.0",
      "license": "MIT",
      "dependencies": {
        "cipher-base": "^1.0.1",
        "inherits": "^2.0.1",
        "md5.js": "^1.3.4",
        "ripemd160": "^2.0.1",
        "sha.js": "^2.4.0"
      }
    },
    "node_modules/create-hmac": {
      "version": "1.1.7",
      "license": "MIT",
      "dependencies": {
        "cipher-base": "^1.0.3",
        "create-hash": "^1.1.0",
        "inherits": "^2.0.1",
        "ripemd160": "^2.0.0",
        "safe-buffer": "^5.0.1",
        "sha.js": "^2.4.8"
      }
    },
    "node_modules/elliptic": {
      "version": "6.5.4",
      "license": "MIT",
      "dependencies": {
        "bn.js": "^4.11.9",
        "brorand": "^1.1.0",
        "hash.js": "^1.0.0",
        "hmac-drbg": "^1.0.1",
        "inherits": "^2.0.4",
        "minimalistic-assert": "^1.0.1",
        "minimalistic-crypto-utils": "^1.0.1"
      }
    },
    "node_modules/file-uri-to-path": {
      "version": "1.0.0",
      "license": "MIT"
    },
    "node_modules/hash-base": {
      "version": "3.1.0",
      "license": "MIT",
      "dependencies": {
        "inherits": "^2.0.4",
        "readable-stream": "^3.6.0",
        "safe-buffer": "^5.2.0"
      },
      "engines": {
        "node": ">=4"
      }
    },
    "node_modules/hash.js": {
      "version": "1.1.7",
      "license": "MIT",
      "dependencies": {
        "inherits": "^2.0.3",
        "minimalistic-assert": "^1.0.1"
      }
    },
    "node_modules/hmac-drbg": {
      "version": "1.0.1",
      "license": "MIT",
      "dependencies": {
        "hash.js": "^1.0.3",
        "minimalistic-assert": "^1.0.0",
        "minimalistic-crypto-utils": "^1.0.1"
      }
    },
    "node_modules/inherits": {
      "version": "2.0.4",
      "license": "ISC"
    },
    "node_modules/md5.js": {
      "version": "1.3.5",
      "license": "MIT",
      "dependencies": {
        "hash-base": "^3.0.0",
        "inherits": "^2.0.1",
        "safe-buffer": "^5.1.2"
      }
    },
    "node_modules/merkle-lib": {
      "version": "2.0.10",
      "license": "MIT"
    },
    "node_modules/minimalistic-assert": {
      "version": "1.0.1",
      "license": "ISC"
    },
    "node_modules/minimalistic-crypto-utils": {
      "version": "1.0.1",
      "license": "MIT"
    },
    "node_modules/nan": {
      "version": "2.14.2",
      "license": "MIT"
    },
    "node_modules/pushdata-bitcoin": {
      "version": "1.0.1",
      "license": "MIT",
      "dependencies": {
        "bitcoin-ops": "^1.3.0"
      }
    },
    "node_modules/randombytes": {
      "version": "2.1.0",
      "license": "MIT",
      "dependencies": {
        "safe-buffer": "^5.1.0"
      }
    },
    "node_modules/readable-stream": {
      "version": "3.6.0",
      "license": "MIT",
      "dependencies": {
        "inherits": "^2.0.3",
        "string_decoder": "^1.1.1",
        "util-deprecate": "^1.0.1"
      },
      "engines": {
        "node": ">= 6"
      }
    },
    "node_modules/regenerator-runtime": {
      "version": "0.13.7",
      "license": "MIT"
    },
    "node_modules/ripemd160": {
      "version": "2.0.2",
      "license": "MIT",
      "dependencies": {
        "hash-base": "^3.0.0",
        "inherits": "^2.0.1"
      }
    },
    "node_modules/safe-buffer": {
      "version": "5.2.1",
      "funding": [
        {
          "type": "github",
          "url": "https://github.com/sponsors/feross"
        },
        {
          "type": "patreon",
          "url": "https://www.patreon.com/feross"
        },
        {
          "type": "consulting",
          "url": "https://feross.org/support"
        }
      ],
      "license": "MIT"
    },
    "node_modules/sha.js": {
      "version": "2.4.11",
      "license": "(MIT AND BSD-3-Clause)",
      "dependencies": {
        "inherits": "^2.0.1",
        "safe-buffer": "^5.0.1"
      },
      "bin": {
        "sha.js": "bin.js"
      }
    },
    "node_modules/string_decoder": {
      "version": "1.3.0",
      "license": "MIT",
      "dependencies": {
        "safe-buffer": "~5.2.0"
      }
    },
    "node_modules/tiny-secp256k1": {
      "version": "1.1.6",
      "hasInstallScript": true,
      "license": "MIT",
      "dependencies": {
        "bindings": "^1.3.0",
        "bn.js": "^4.11.8",
        "create-hmac": "^1.1.7",
        "elliptic": "^6.4.0",
        "nan": "^2.13.2"
      },
      "engines": {
        "node": ">=6.0.0"
      }
    },
    "node_modules/typeforce": {
      "version": "1.18.0",
      "license": "MIT"
    },
    "node_modules/util-deprecate": {
      "version": "1.0.2",
      "license": "MIT"
    },
    "node_modules/varuint-bitcoin": {
      "version": "1.1.2",
      "license": "MIT",
      "dependencies": {
        "safe-buffer": "^5.1.1"
      }
    },
    "node_modules/wif": {
      "version": "2.0.6",
      "license": "MIT",
      "dependencies": {
        "bs58check": "<3.0.0"
      }
    }
  },
  "dependencies": {
    "@babel/runtime": {
      "version": "7.12.13",
      "requires": {
        "regenerator-runtime": "^0.13.4"
      }
    },
    "@liquality/types": {
      "version": "file:../types",
      "requires": {
        "bignumber.js": "^9.0.1"
      },
      "dependencies": {
        "bignumber.js": {
          "version": "9.0.1"
        }
      }
    },
    "@types/node": {
      "version": "10.12.18"
    },
    "base-x": {
      "version": "3.0.8",
      "requires": {
        "safe-buffer": "^5.0.1"
      }
    },
    "bech32": {
      "version": "1.1.4"
    },
    "bindings": {
      "version": "1.5.0",
      "requires": {
        "file-uri-to-path": "1.0.0"
      }
    },
    "bip174": {
      "version": "2.0.1"
    },
    "bip32": {
      "version": "2.0.6",
      "requires": {
        "@types/node": "10.12.18",
        "bs58check": "^2.1.1",
        "create-hash": "^1.2.0",
        "create-hmac": "^1.1.7",
        "tiny-secp256k1": "^1.1.3",
        "typeforce": "^1.11.5",
        "wif": "^2.0.6"
      }
    },
    "bip66": {
      "version": "1.1.5",
      "requires": {
        "safe-buffer": "^5.0.1"
      }
    },
    "bitcoin-ops": {
      "version": "git+ssh://git@github.com/VerusCoin/bitcoin-ops.git#a5f8f56e658301bc39881d41740b3a0010530efd",
      "from": "bitcoin-ops@^1.4.0"
    },
    "bitcoinjs-lib": {
      "version": "5.2.0",
      "requires": {
        "bech32": "^1.1.2",
        "bip174": "^2.0.1",
        "bip32": "^2.0.4",
        "bip66": "^1.1.0",
        "bitcoin-ops": "^1.4.0",
        "bs58check": "^2.0.0",
        "create-hash": "^1.1.0",
        "create-hmac": "^1.1.3",
        "merkle-lib": "^2.0.10",
        "pushdata-bitcoin": "^1.0.1",
        "randombytes": "^2.0.1",
        "tiny-secp256k1": "^1.1.1",
        "typeforce": "^1.11.3",
        "varuint-bitcoin": "^1.0.4",
        "wif": "^2.0.1"
      }
    },
    "bn.js": {
      "version": "4.11.9"
    },
    "brorand": {
      "version": "1.1.0"
    },
    "bs58": {
      "version": "4.0.1",
      "requires": {
        "base-x": "^3.0.2"
      }
    },
    "bs58check": {
      "version": "2.1.2",
      "requires": {
        "bs58": "^4.0.0",
        "create-hash": "^1.1.0",
        "safe-buffer": "^5.1.2"
      }
    },
    "cipher-base": {
      "version": "1.0.4",
      "requires": {
        "inherits": "^2.0.1",
        "safe-buffer": "^5.0.1"
      }
    },
    "create-hash": {
      "version": "1.2.0",
      "requires": {
        "cipher-base": "^1.0.1",
        "inherits": "^2.0.1",
        "md5.js": "^1.3.4",
        "ripemd160": "^2.0.1",
        "sha.js": "^2.4.0"
      }
    },
    "create-hmac": {
      "version": "1.1.7",
      "requires": {
        "cipher-base": "^1.0.3",
        "create-hash": "^1.1.0",
        "inherits": "^2.0.1",
        "ripemd160": "^2.0.0",
        "safe-buffer": "^5.0.1",
        "sha.js": "^2.4.8"
      }
    },
    "elliptic": {
      "version": "6.5.4",
      "requires": {
        "bn.js": "^4.11.9",
        "brorand": "^1.1.0",
        "hash.js": "^1.0.0",
        "hmac-drbg": "^1.0.1",
        "inherits": "^2.0.4",
        "minimalistic-assert": "^1.0.1",
        "minimalistic-crypto-utils": "^1.0.1"
      }
    },
    "file-uri-to-path": {
      "version": "1.0.0"
    },
    "hash-base": {
      "version": "3.1.0",
      "requires": {
        "inherits": "^2.0.4",
        "readable-stream": "^3.6.0",
        "safe-buffer": "^5.2.0"
      }
    },
    "hash.js": {
      "version": "1.1.7",
      "requires": {
        "inherits": "^2.0.3",
        "minimalistic-assert": "^1.0.1"
      }
    },
    "hmac-drbg": {
      "version": "1.0.1",
      "requires": {
        "hash.js": "^1.0.3",
        "minimalistic-assert": "^1.0.0",
        "minimalistic-crypto-utils": "^1.0.1"
      }
    },
    "inherits": {
      "version": "2.0.4"
    },
    "md5.js": {
      "version": "1.3.5",
      "requires": {
        "hash-base": "^3.0.0",
        "inherits": "^2.0.1",
        "safe-buffer": "^5.1.2"
      }
    },
    "merkle-lib": {
      "version": "2.0.10"
    },
    "minimalistic-assert": {
      "version": "1.0.1"
    },
    "minimalistic-crypto-utils": {
      "version": "1.0.1"
    },
    "nan": {
      "version": "2.14.2"
    },
    "pushdata-bitcoin": {
      "version": "1.0.1",
      "requires": {
        "bitcoin-ops": "^1.3.0"
      }
    },
    "randombytes": {
      "version": "2.1.0",
      "requires": {
        "safe-buffer": "^5.1.0"
      }
    },
    "readable-stream": {
      "version": "3.6.0",
      "requires": {
        "inherits": "^2.0.3",
        "string_decoder": "^1.1.1",
        "util-deprecate": "^1.0.1"
      }
    },
    "regenerator-runtime": {
      "version": "0.13.7"
    },
    "ripemd160": {
      "version": "2.0.2",
      "requires": {
        "hash-base": "^3.0.0",
        "inherits": "^2.0.1"
      }
    },
    "safe-buffer": {
      "version": "5.2.1"
    },
    "sha.js": {
      "version": "2.4.11",
      "requires": {
        "inherits": "^2.0.1",
        "safe-buffer": "^5.0.1"
      }
    },
    "string_decoder": {
      "version": "1.3.0",
      "requires": {
        "safe-buffer": "~5.2.0"
      }
    },
    "tiny-secp256k1": {
      "version": "1.1.6",
      "requires": {
        "bindings": "^1.3.0",
        "bn.js": "^4.11.8",
        "create-hmac": "^1.1.7",
        "elliptic": "^6.4.0",
        "nan": "^2.13.2"
      }
    },
    "typeforce": {
      "version": "1.18.0"
    },
    "util-deprecate": {
      "version": "1.0.2"
    },
    "varuint-bitcoin": {
      "version": "1.1.2",
      "requires": {
        "safe-buffer": "^5.1.1"
      }
    },
    "wif": {
      "version": "2.0.6",
      "requires": {
        "bs58check": "<3.0.0"
      }
    }
  }
}
